
Microsoft Visual Studio Solution File, Format Version 12.00
# Visual Studio Version 17
VisualStudioVersion = 17.7.34031.279
MinimumVisualStudioVersion = 10.0.40219.1
Project("{FAE04EC0-301F-11D3-BF4B-00C04F79EFBC}") = "ZkouskaGitu", "ZkouskaGitu\ZkouskaGitu.csproj", "{35ACDD60-CA9B-45E1-A324-155DA2ECC577}"
EndProject
Global
	GlobalSection(SolutionConfigurationPlatforms) = preSolution
		Debug|Any CPU = Debug|Any CPU
		Release|Any CPU = Release|Any CPU
	EndGlobalSection
	GlobalSection(ProjectConfigurationPlatforms) = postSolution
		{35ACDD60-CA9B-45E1-A324-155DA2ECC577}.Debug|Any CPU.ActiveCfg = Debug|Any CPU
		{35ACDD60-CA9B-45E1-A324-155DA2ECC577}.Debug|Any CPU.Build.0 = Debug|Any CPU
		{35ACDD60-CA9B-45E1-A324-155DA2ECC577}.Release|Any CPU.ActiveCfg = Release|Any CPU
		{35ACDD60-CA9B-45E1-A324-155DA2ECC577}.Release|Any CPU.Build.0 = Release|Any CPU
	EndGlobalSection
	GlobalSection(SolutionProperties) = preSolution
		HideSolutionNode = FALSE
	EndGlobalSection
	GlobalSection(ExtensibilityGlobals) = postSolution
		SolutionGuid = {F7F891D8-7977-4AEE-88FD-A8A1DA2E7EAA}
	EndGlobalSection
EndGlobal
